speakeasyVersion: 1.366.0
sources:
    livepeer-studio-api:
        sourceNamespace: livepeer-studio-api
        sourceRevisionDigest: sha256:ae2b1ebf257c8d04d7a800453b439dee7ec67fb3fb966997eac15b030f33588f
        sourceBlobDigest: sha256:90f532f402a228e8cdf7529eb80401058c4638d01f4c5bd3a17c9016034d64ab
        tags:
            - latest
            - main
targets: {}
workflow:
    workflowVersion: 1.0.0
    speakeasyVersion: latest
    sources:
        livepeer-studio-api:
            inputs:
                - location: https://raw.githubusercontent.com/livepeer/studio/master/packages/api/src/schema/api-schema.yaml
            overlays:
                - location: https://raw.githubusercontent.com/livepeer/livepeer-js/main/codeSamples.yaml
                - location: https://raw.githubusercontent.com/livepeer/livepeer-go/main/codeSamples.yaml
                - location: https://raw.githubusercontent.com/livepeer/livepeer-python/main/codeSamples.yaml
            output: openapi.yaml
            registry:
                location: registry.speakeasyapi.dev/livepeer/livepeer-studio/livepeer-studio-api
    targets: {}
