speakeasyVersion: 1.454.0
sources:
    livepeer-studio-api:
        sourceNamespace: livepeer-studio-api
        sourceRevisionDigest: sha256:3fb24bb841ffcc213256d0b46bd4a974b11a15b119b5ef9ff972d8bbe96b5528
        sourceBlobDigest: sha256:aa1eb89ec2088921bffdf630acb4a5a9169b5384806ebcdb19a321a6ed15dceb
        tags:
            - latest
            - speakeasy-sdk-regen-1731024221
            - 1.0.0
targets: {}
workflow:
    workflowVersion: 1.0.0
    speakeasyVersion: latest
    sources:
        livepeer-ai-api:
            inputs:
                - location: https://raw.githubusercontent.com/livepeer/ai-worker/main/runner/gateway.openapi.yaml
            overlays:
                - location: https://raw.githubusercontent.com/livepeer/livepeer-ai-js/main/codeSamples.yaml
                - location: https://raw.githubusercontent.com/livepeer/livepeer-ai-go/main/codeSamples.yaml
                - location: https://raw.githubusercontent.com/livepeer/livepeer-ai-python/main/codeSamples.yaml
            output: ai/api-reference/gateway.openapi.yaml
            registry:
                location: registry.speakeasyapi.dev/livepeer/livepeer-ai/livepeer-ai-oas
        livepeer-studio-api:
            inputs:
                - location: https://raw.githubusercontent.com/livepeer/studio/master/packages/api/src/schema/api-schema.yaml
                - location: https://raw.githubusercontent.com/livepeer/studio/master/packages/api/src/schema/ai-api-schema.yaml
            overlays:
                - location: https://raw.githubusercontent.com/livepeer/livepeer-js/main/codeSamples.yaml
                - location: https://raw.githubusercontent.com/livepeer/livepeer-go/main/codeSamples.yaml
                - location: https://raw.githubusercontent.com/livepeer/livepeer-python/main/codeSamples.yaml
            output: openapi.yaml
            registry:
                location: registry.speakeasyapi.dev/livepeer/livepeer-studio/livepeer-studio-api
    targets: {}
